
Microsoft Visual Studio Solution File, Format Version 12.00
# Visual Studio Version 17
VisualStudioVersion = 17.1.32210.238
MinimumVisualStudioVersion = 10.0.40219.1
Project("{FAE04EC0-301F-11D3-BF4B-00C04F79EFBC}") = "Patika-Odev1", "Patika-Odev1\Patika-Odev1.csproj", "{5D5A85C7-0F4B-4DFF-8522-BF0A4B6A6E85}"
EndProject
Global
	GlobalSection(SolutionConfigurationPlatforms) = preSolution
		Debug|Any CPU = Debug|Any CPU
		Release|Any CPU = Release|Any CPU
	EndGlobalSection
	GlobalSection(ProjectConfigurationPlatforms) = postSolution
		{5D5A85C7-0F4B-4DFF-8522-BF0A4B6A6E85}.Debug|Any CPU.ActiveCfg = Debug|Any CPU
		{5D5A85C7-0F4B-4DFF-8522-BF0A4B6A6E85}.Debug|Any CPU.Build.0 = Debug|Any CPU
		{5D5A85C7-0F4B-4DFF-8522-BF0A4B6A6E85}.Release|Any CPU.ActiveCfg = Release|Any CPU
		{5D5A85C7-0F4B-4DFF-8522-BF0A4B6A6E85}.Release|Any CPU.Build.0 = Release|Any CPU
	EndGlobalSection
	GlobalSection(SolutionProperties) = preSolution
		HideSolutionNode = FALSE
	EndGlobalSection
	GlobalSection(ExtensibilityGlobals) = postSolution
		SolutionGuid = {707CBB19-C0AC-4604-8AD9-828B58D0F053}
	EndGlobalSection
EndGlobal
